// !$*UTF8*$!
{
	archiveVersion = 1;
	classes = {
	};
	objectVersion = 52;
	objects = {

/* Begin PBXBuildFile section */
		595B3F0C2A2187C60002A3AC /* GobangApp.swift in Sources */ = {isa = PBXBuildFile; fileRef = 595B3F0B2A2187C60002A3AC /* GobangApp.swift */; };
		595B3F102A2187D20002A3AC /* Assets.xcassets in Resources */ = {isa = PBXBuildFile; fileRef = 595B3F0F2A2187D20002A3AC /* Assets.xcassets */; };
		595B3F132A2187D20002A3AC /* Preview Assets.xcassets in Resources */ = {isa = PBXBuildFile; fileRef = 595B3F122A2187D20002A3AC /* Preview Assets.xcassets */; };
		595B3F1C2A21884F0002A3AC /* GoogleService-Info.plist in Resources */ = {isa = PBXBuildFile; fileRef = 595B3F1B2A21884F0002A3AC /* GoogleService-Info.plist */; };
		595B3F202A218C000002A3AC /* FirebaseAnalytics in Frameworks */ = {isa = PBXBuildFile; productRef = 595B3F1F2A218C000002A3AC /* FirebaseAnalytics */; };
		595B3F222A218C000002A3AC /* FirebaseFirestoreSwift in Frameworks */ = {isa = PBXBuildFile; productRef = 595B3F212A218C000002A3AC /* FirebaseFirestoreSwift */; };
		595B3F242A218C000002A3AC /* FirebaseStorage in Frameworks */ = {isa = PBXBuildFile; productRef = 595B3F232A218C000002A3AC /* FirebaseStorage */; };
		595B3F262A218C000002A3AC /* FirebaseAuth in Frameworks */ = {isa = PBXBuildFile; productRef = 595B3F252A218C000002A3AC /* FirebaseAuth */; };
		595B3F282A218C000002A3AC /* FirebaseFirestore in Frameworks */ = {isa = PBXBuildFile; productRef = 595B3F272A218C000002A3AC /* FirebaseFirestore */; };
		595B3F2A2A218C000002A3AC /* FirebaseDatabase in Frameworks */ = {isa = PBXBuildFile; productRef = 595B3F292A218C000002A3AC /* FirebaseDatabase */; };
		595B3F2E2A218DB50002A3AC /* ViewController.swift in Sources */ = {isa = PBXBuildFile; fileRef = 595B3F2D2A218DB50002A3AC /* ViewController.swift */; };
		595B3F332A218E3E0002A3AC /* LobbyView.swift in Sources */ = {isa = PBXBuildFile; fileRef = 595B3F322A218E3E0002A3AC /* LobbyView.swift */; };
		595B3F3B2A218F2E0002A3AC /* UserRoom.swift in Sources */ = {isa = PBXBuildFile; fileRef = 595B3F3A2A218F2E0002A3AC /* UserRoom.swift */; };
		595B3F3E2A2191700002A3AC /* StateControl.swift in Sources */ = {isa = PBXBuildFile; fileRef = 595B3F3D2A2191700002A3AC /* StateControl.swift */; };
		595B3F412A21926D0002A3AC /* ProfileView.swift in Sources */ = {isa = PBXBuildFile; fileRef = 595B3F402A21926C0002A3AC /* ProfileView.swift */; };
		595B3F452A2192B60002A3AC /* LogInSignUpView.swift in Sources */ = {isa = PBXBuildFile; fileRef = 595B3F442A2192B60002A3AC /* LogInSignUpView.swift */; };
		595B3F492A2193F00002A3AC /* ShowViewModel.swift in Sources */ = {isa = PBXBuildFile; fileRef = 595B3F482A2193F00002A3AC /* ShowViewModel.swift */; };
		595B3F4E2A21D03C0002A3AC /* AlertView.swift in Sources */ = {isa = PBXBuildFile; fileRef = 595B3F4D2A21D03C0002A3AC /* AlertView.swift */; };
		595B3F532A21DADB0002A3AC /* AddRoomView.swift in Sources */ = {isa = PBXBuildFile; fileRef = 595B3F522A21DADB0002A3AC /* AddRoomView.swift */; };
		595B3F592A21EFFB0002A3AC /* extension.swift in Sources */ = {isa = PBXBuildFile; fileRef = 595B3F582A21EFFB0002A3AC /* extension.swift */; };
		595B3F5D2A21F5F60002A3AC /* EditPersonView.swift in Sources */ = {isa = PBXBuildFile; fileRef = 595B3F5C2A21F5F60002A3AC /* EditPersonView.swift */; };
		595B3F612A2218E50002A3AC /* GameControl.swift in Sources */ = {isa = PBXBuildFile; fileRef = 595B3F602A2218E50002A3AC /* GameControl.swift */; };
		595B3F642A2232410002A3AC /* WaitRoomView.swift in Sources */ = {isa = PBXBuildFile; fileRef = 595B3F632A2232410002A3AC /* WaitRoomView.swift */; };
		595B3F672A22C9100002A3AC /* GameModel.swift in Sources */ = {isa = PBXBuildFile; fileRef = 595B3F662A22C9100002A3AC /* GameModel.swift */; };
		595B3F6B2A22F5220002A3AC /* GameView.swift in Sources */ = {isa = PBXBuildFile; fileRef = 595B3F6A2A22F5220002A3AC /* GameView.swift */; };
		595B3F6F2A232C160002A3AC /* GridView.swift in Sources */ = {isa = PBXBuildFile; fileRef = 595B3F6E2A232C160002A3AC /* GridView.swift */; };
/* End PBXBuildFile section */

/* Begin PBXFileReference section */
		595B3F082A2187C60002A3AC /* Gobang.app */ = {isa = PBXFileReference; explicitFileType = wrapper.application; includeInIndex = 0; path = Gobang.app; sourceTree = BUILT_PRODUCTS_DIR; };
		595B3F0B2A2187C60002A3AC /* GobangApp.swift */ = {isa = PBXFileReference; lastKnownFileType = sourcecode.swift; path = GobangApp.swift; sourceTree = "<group>"; };
		595B3F0F2A2187D20002A3AC /* Assets.xcassets */ = {isa = PBXFileReference; lastKnownFileType = folder.assetcatalog; path = Assets.xcassets; sourceTree = "<group>"; };
		595B3F122A2187D20002A3AC /* Preview Assets.xcassets */ = {isa = PBXFileReference; lastKnownFileType = folder.assetcatalog; path = "Preview Assets.xcassets"; sourceTree = "<group>"; };
		595B3F142A2187D20002A3AC /* Info.plist */ = {isa = PBXFileReference; lastKnownFileType = text.plist.xml; path = Info.plist; sourceTree = "<group>"; };
		595B3F1B2A21884F0002A3AC /* GoogleService-Info.plist */ = {isa = PBXFileReference; fileEncoding = 4; lastKnownFileType = text.plist.xml; path = "GoogleService-Info.plist"; sourceTree = "<group>"; };
		595B3F2D2A218DB50002A3AC /* ViewController.swift */ = {isa = PBXFileReference; lastKnownFileType = sourcecode.swift; path = ViewController.swift; sourceTree = "<group>"; };
		595B3F322A218E3E0002A3AC /* LobbyView.swift */ = {isa = PBXFileReference; lastKnownFileType = sourcecode.swift; path = LobbyView.swift; sourceTree = "<group>"; };
		595B3F3A2A218F2E0002A3AC /* UserRoom.swift */ = {isa = PBXFileReference; lastKnownFileType = sourcecode.swift; path = UserRoom.swift; sourceTree = "<group>"; };
		595B3F3D2A2191700002A3AC /* StateControl.swift */ = {isa = PBXFileReference; lastKnownFileType = sourcecode.swift; path = StateControl.swift; sourceTree = "<group>"; };
		595B3F402A21926C0002A3AC /* ProfileView.swift */ = {isa = PBXFileReference; lastKnownFileType = sourcecode.swift; path = ProfileView.swift; sourceTree = "<group>"; };
		595B3F442A2192B60002A3AC /* LogInSignUpView.swift */ = {isa = PBXFileReference; lastKnownFileType = sourcecode.swift; path = LogInSignUpView.swift; sourceTree = "<group>"; };
		595B3F482A2193F00002A3AC /* ShowViewModel.swift */ = {isa = PBXFileReference; lastKnownFileType = sourcecode.swift; path = ShowViewModel.swift; sourceTree = "<group>"; };
		595B3F4D2A21D03C0002A3AC /* AlertView.swift */ = {isa = PBXFileReference; lastKnownFileType = sourcecode.swift; path = AlertView.swift; sourceTree = "<group>"; };
		595B3F522A21DADB0002A3AC /* AddRoomView.swift */ = {isa = PBXFileReference; lastKnownFileType = sourcecode.swift; path = AddRoomView.swift; sourceTree = "<group>"; };
		595B3F582A21EFFB0002A3AC /* extension.swift */ = {isa = PBXFileReference; lastKnownFileType = sourcecode.swift; path = extension.swift; sourceTree = "<group>"; };
		595B3F5C2A21F5F60002A3AC /* EditPersonView.swift */ = {isa = PBXFileReference; lastKnownFileType = sourcecode.swift; path = EditPersonView.swift; sourceTree = "<group>"; };
		595B3F602A2218E50002A3AC /* GameControl.swift */ = {isa = PBXFileReference; lastKnownFileType = sourcecode.swift; path = GameControl.swift; sourceTree = "<group>"; };
		595B3F632A2232410002A3AC /* WaitRoomView.swift */ = {isa = PBXFileReference; lastKnownFileType = sourcecode.swift; path = WaitRoomView.swift; sourceTree = "<group>"; };
		595B3F662A22C9100002A3AC /* GameModel.swift */ = {isa = PBXFileReference; lastKnownFileType = sourcecode.swift; path = GameModel.swift; sourceTree = "<group>"; };
		595B3F6A2A22F5220002A3AC /* GameView.swift */ = {isa = PBXFileReference; lastKnownFileType = sourcecode.swift; path = GameView.swift; sourceTree = "<group>"; };
		595B3F6E2A232C160002A3AC /* GridView.swift */ = {isa = PBXFileReference; lastKnownFileType = sourcecode.swift; path = GridView.swift; sourceTree = "<group>"; };
/* End PBXFileReference section */

/* Begin PBXFrameworksBuildPhase section */
		595B3F052A2187C60002A3AC /* Frameworks */ = {
			isa = PBXFrameworksBuildPhase;
			buildActionMask = 2147483647;
			files = (
				595B3F2A2A218C000002A3AC /* FirebaseDatabase in Frameworks */,
				595B3F202A218C000002A3AC /* FirebaseAnalytics in Frameworks */,
				595B3F222A218C000002A3AC /* FirebaseFirestoreSwift in Frameworks */,
				595B3F242A218C000002A3AC /* FirebaseStorage in Frameworks */,
				595B3F282A218C000002A3AC /* FirebaseFirestore in Frameworks */,
				595B3F262A218C000002A3AC /* FirebaseAuth in Frameworks */,
			);
			runOnlyForDeploymentPostprocessing = 0;
		};
/* End PBXFrameworksBuildPhase section */

/* Begin PBXGroup section */
		595B3EFF2A2187C60002A3AC = {
			isa = PBXGroup;
			children = (
				595B3F0A2A2187C60002A3AC /* Gobang */,
				595B3F092A2187C60002A3AC /* Products */,
			);
			sourceTree = "<group>";
		};
		595B3F092A2187C60002A3AC /* Products */ = {
			isa = PBXGroup;
			children = (
				595B3F082A2187C60002A3AC /* Gobang.app */,
			);
			name = Products;
			sourceTree = "<group>";
		};
		595B3F0A2A2187C60002A3AC /* Gobang */ = {
			isa = PBXGroup;
			children = (
				595B3F0B2A2187C60002A3AC /* GobangApp.swift */,
				595B3F2D2A218DB50002A3AC /* ViewController.swift */,
				595B3F372A218E840002A3AC /* Model */,
				595B3F352A218E570002A3AC /* ViewModel */,
				595B3F302A218DF60002A3AC /* View */,
				595B3F572A21EFC40002A3AC /* Other */,
				595B3F0F2A2187D20002A3AC /* Assets.xcassets */,
				595B3F1B2A21884F0002A3AC /* GoogleService-Info.plist */,
				595B3F142A2187D20002A3AC /* Info.plist */,
				595B3F112A2187D20002A3AC /* Preview Content */,
			);
			path = Gobang;
			sourceTree = "<group>";
		};
		595B3F112A2187D20002A3AC /* Preview Content */ = {
			isa = PBXGroup;
			children = (
				595B3F122A2187D20002A3AC /* Preview Assets.xcassets */,
			);
			path = "Preview Content";
			sourceTree = "<group>";
		};
		595B3F302A218DF60002A3AC /* View */ = {
			isa = PBXGroup;
			children = (
				595B3F692A22F50D0002A3AC /* Game */,
				595B3F512A21DA780002A3AC /* Room */,
				595B3F4C2A21D0210002A3AC /* Other */,
				595B3F432A21927C0002A3AC /* Start */,
			);
			path = View;
			sourceTree = "<group>";
		};
		595B3F352A218E570002A3AC /* ViewModel */ = {
			isa = PBXGroup;
			children = (
				595B3F3D2A2191700002A3AC /* StateControl.swift */,
				595B3F602A2218E50002A3AC /* GameControl.swift */,
				595B3F482A2193F00002A3AC /* ShowViewModel.swift */,
			);
			path = ViewModel;
			sourceTree = "<group>";
		};
		595B3F372A218E840002A3AC /* Model */ = {
			isa = PBXGroup;
			children = (
				595B3F3A2A218F2E0002A3AC /* UserRoom.swift */,
				595B3F662A22C9100002A3AC /* GameModel.swift */,
			);
			path = Model;
			sourceTree = "<group>";
		};
		595B3F432A21927C0002A3AC /* Start */ = {
			isa = PBXGroup;
			children = (
				595B3F402A21926C0002A3AC /* ProfileView.swift */,
				595B3F322A218E3E0002A3AC /* LobbyView.swift */,
				595B3F5C2A21F5F60002A3AC /* EditPersonView.swift */,
				595B3F442A2192B60002A3AC /* LogInSignUpView.swift */,
			);
			path = Start;
			sourceTree = "<group>";
		};
		595B3F4C2A21D0210002A3AC /* Other */ = {
			isa = PBXGroup;
			children = (
				595B3F4D2A21D03C0002A3AC /* AlertView.swift */,
			);
			path = Other;
			sourceTree = "<group>";
		};
		595B3F512A21DA780002A3AC /* Room */ = {
			isa = PBXGroup;
			children = (
				595B3F522A21DADB0002A3AC /* AddRoomView.swift */,
				595B3F632A2232410002A3AC /* WaitRoomView.swift */,
			);
			path = Room;
			sourceTree = "<group>";
		};
		595B3F572A21EFC40002A3AC /* Other */ = {
			isa = PBXGroup;
			children = (
				595B3F582A21EFFB0002A3AC /* extension.swift */,
			);
			path = Other;
			sourceTree = "<group>";
		};
		595B3F692A22F50D0002A3AC /* Game */ = {
			isa = PBXGroup;
			children = (
				595B3F6A2A22F5220002A3AC /* GameView.swift */,
				595B3F6E2A232C160002A3AC /* GridView.swift */,
			);
			path = Game;
			sourceTree = "<group>";
		};
/* End PBXGroup section */

/* Begin PBXNativeTarget section */
		595B3F072A2187C60002A3AC /* Gobang */ = {
			isa = PBXNativeTarget;
			buildConfigurationList = 595B3F172A2187D20002A3AC /* Build configuration list for PBXNativeTarget "Gobang" */;
			buildPhases = (
				595B3F042A2187C60002A3AC /* Sources */,
				595B3F052A2187C60002A3AC /* Frameworks */,
				595B3F062A2187C60002A3AC /* Resources */,
			);
			buildRules = (
			);
			dependencies = (
			);
			name = Gobang;
			packageProductDependencies = (
				595B3F1F2A218C000002A3AC /* FirebaseAnalytics */,
				595B3F212A218C000002A3AC /* FirebaseFirestoreSwift */,
				595B3F232A218C000002A3AC /* FirebaseStorage */,
				595B3F252A218C000002A3AC /* FirebaseAuth */,
				595B3F272A218C000002A3AC /* FirebaseFirestore */,
				595B3F292A218C000002A3AC /* FirebaseDatabase */,
			);
			productName = Gobang;
			productReference = 595B3F082A2187C60002A3AC /* Gobang.app */;
			productType = "com.apple.product-type.application";
		};
/* End PBXNativeTarget section */

/* Begin PBXProject section */
		595B3F002A2187C60002A3AC /* Project object */ = {
			isa = PBXProject;
			attributes = {
				LastSwiftUpdateCheck = 1240;
				LastUpgradeCheck = 1240;
				TargetAttributes = {
					595B3F072A2187C60002A3AC = {
						CreatedOnToolsVersion = 12.4;
					};
				};
			};
			buildConfigurationList = 595B3F032A2187C60002A3AC /* Build configuration list for PBXProject "Gobang" */;
			compatibilityVersion = "Xcode 9.3";
			developmentRegion = en;
			hasScannedForEncodings = 0;
			knownRegions = (
				en,
				Base,
			);
			mainGroup = 595B3EFF2A2187C60002A3AC;
			packageReferences = (
				595B3F1E2A218C000002A3AC /* XCRemoteSwiftPackageReference "firebase-ios-sdk" */,
			);
			productRefGroup = 595B3F092A2187C60002A3AC /* Products */;
			projectDirPath = "";
			projectRoot = "";
			targets = (
				595B3F072A2187C60002A3AC /* Gobang */,
			);
		};
/* End PBXProject section */

/* Begin PBXResourcesBuildPhase section */
		595B3F062A2187C60002A3AC /* Resources */ = {
			isa = PBXResourcesBuildPhase;
			buildActionMask = 2147483647;
			files = (
				595B3F132A2187D20002A3AC /* Preview Assets.xcassets in Resources */,
				595B3F102A2187D20002A3AC /* Assets.xcassets in Resources */,
				595B3F1C2A21884F0002A3AC /* GoogleService-Info.plist in Resources */,
			);
			runOnlyForDeploymentPostprocessing = 0;
		};
/* End PBXResourcesBuildPhase section */

/* Begin PBXSourcesBuildPhase section */
		595B3F042A2187C60002A3AC /* Sources */ = {
			isa = PBXSourcesBuildPhase;
			buildActionMask = 2147483647;
			files = (
				595B3F492A2193F00002A3AC /* ShowViewModel.swift in Sources */,
				595B3F5D2A21F5F60002A3AC /* EditPersonView.swift in Sources */,
				595B3F2E2A218DB50002A3AC /* ViewController.swift in Sources */,
				595B3F532A21DADB0002A3AC /* AddRoomView.swift in Sources */,
				595B3F612A2218E50002A3AC /* GameControl.swift in Sources */,
				595B3F672A22C9100002A3AC /* GameModel.swift in Sources */,
				595B3F592A21EFFB0002A3AC /* extension.swift in Sources */,
				595B3F642A2232410002A3AC /* WaitRoomView.swift in Sources */,
				595B3F332A218E3E0002A3AC /* LobbyView.swift in Sources */,
				595B3F452A2192B60002A3AC /* LogInSignUpView.swift in Sources */,
				595B3F6F2A232C160002A3AC /* GridView.swift in Sources */,
				595B3F4E2A21D03C0002A3AC /* AlertView.swift in Sources */,
				595B3F3B2A218F2E0002A3AC /* UserRoom.swift in Sources */,
				595B3F0C2A2187C60002A3AC /* GobangApp.swift in Sources */,
				595B3F412A21926D0002A3AC /* ProfileView.swift in Sources */,
				595B3F6B2A22F5220002A3AC /* GameView.swift in Sources */,
				595B3F3E2A2191700002A3AC /* StateControl.swift in Sources */,
			);
			runOnlyForDeploymentPostprocessing = 0;
		};
/* End PBXSourcesBuildPhase section */

/* Begin XCBuildConfiguration section */
		595B3F152A2187D20002A3AC /* Debug */ = {
			isa = XCBuildConfiguration;
			buildSettings = {
				ALWAYS_SEARCH_USER_PATHS = NO;
				CLANG_ANALYZER_NONNULL = YES;
				CLANG_ANALYZER_NUMBER_OBJECT_CONVERSION = YES_AGGRESSIVE;
				CLANG_CXX_LANGUAGE_STANDARD = "gnu++14";
				CLANG_CXX_LIBRARY = "libc++";
				CLANG_ENABLE_MODULES = YES;
				CLANG_ENABLE_OBJC_ARC = YES;
				CLANG_ENABLE_OBJC_WEAK = YES;
				CLANG_WARN_BLOCK_CAPTURE_AUTORELEASING = YES;
				CLANG_WARN_BOOL_CONVERSION = YES;
				CLANG_WARN_COMMA = YES;
				CLANG_WARN_CONSTANT_CONVERSION = YES;
				CLANG_WARN_DEPRECATED_OBJC_IMPLEMENTATIONS = YES;
				CLANG_WARN_DIRECT_OBJC_ISA_USAGE = YES_ERROR;
				CLANG_WARN_DOCUMENTATION_COMMENTS = YES;
				CLANG_WARN_EMPTY_BODY = YES;
				CLANG_WARN_ENUM_CONVERSION = YES;
				CLANG_WARN_INFINITE_RECURSION = YES;
				CLANG_WARN_INT_CONVERSION = YES;
				CLANG_WARN_NON_LITERAL_NULL_CONVERSION = YES;
				CLANG_WARN_OBJC_IMPLICIT_RETAIN_SELF = YES;
				CLANG_WARN_OBJC_LITERAL_CONVERSION = YES;
				CLANG_WARN_OBJC_ROOT_CLASS = YES_ERROR;
				CLANG_WARN_QUOTED_INCLUDE_IN_FRAMEWORK_HEADER = YES;
				CLANG_WARN_RANGE_LOOP_ANALYSIS = YES;
				CLANG_WARN_STRICT_PROTOTYPES = YES;
				CLANG_WARN_SUSPICIOUS_MOVE = YES;
				CLANG_WARN_UNGUARDED_AVAILABILITY = YES_AGGRESSIVE;
				CLANG_WARN_UNREACHABLE_CODE = YES;
				CLANG_WARN__DUPLICATE_METHOD_MATCH = YES;
				COPY_PHASE_STRIP = NO;
				DEBUG_INFORMATION_FORMAT = dwarf;
				ENABLE_STRICT_OBJC_MSGSEND = YES;
				ENABLE_TESTABILITY = YES;
				GCC_C_LANGUAGE_STANDARD = gnu11;
				GCC_DYNAMIC_NO_PIC = NO;
				GCC_NO_COMMON_BLOCKS = YES;
				GCC_OPTIMIZATION_LEVEL = 0;
				GCC_PREPROCESSOR_DEFINITIONS = (
					"DEBUG=1",
					"$(inherited)",
				);
				GCC_WARN_64_TO_32_BIT_CONVERSION = YES;
				GCC_WARN_ABOUT_RETURN_TYPE = YES_ERROR;
				GCC_WARN_UNDECLARED_SELECTOR = YES;
				GCC_WARN_UNINITIALIZED_AUTOS = YES_AGGRESSIVE;
				GCC_WARN_UNUSED_FUNCTION = YES;
				GCC_WARN_UNUSED_VARIABLE = YES;
				IPHONEOS_DEPLOYMENT_TARGET = 14.4;
				MTL_ENABLE_DEBUG_INFO = INCLUDE_SOURCE;
				MTL_FAST_MATH = YES;
				ONLY_ACTIVE_ARCH = YES;
				SDKROOT = iphoneos;
				SWIFT_ACTIVE_COMPILATION_CONDITIONS = DEBUG;
				SWIFT_OPTIMIZATION_LEVEL = "-Onone";
			};
			name = Debug;
		};
		595B3F162A2187D20002A3AC /* Release */ = {
			isa = XCBuildConfiguration;
			buildSettings = {
				ALWAYS_SEARCH_USER_PATHS = NO;
				CLANG_ANALYZER_NONNULL = YES;
				CLANG_ANALYZER_NUMBER_OBJECT_CONVERSION = YES_AGGRESSIVE;
				CLANG_CXX_LANGUAGE_STANDARD = "gnu++14";
				CLANG_CXX_LIBRARY = "libc++";
				CLANG_ENABLE_MODULES = YES;
				CLANG_ENABLE_OBJC_ARC = YES;
				CLANG_ENABLE_OBJC_WEAK = YES;
				CLANG_WARN_BLOCK_CAPTURE_AUTORELEASING = YES;
				CLANG_WARN_BOOL_CONVERSION = YES;
				CLANG_WARN_COMMA = YES;
				CLANG_WARN_CONSTANT_CONVERSION = YES;
				CLANG_WARN_DEPRECATED_OBJC_IMPLEMENTATIONS = YES;
				CLANG_WARN_DIRECT_OBJC_ISA_USAGE = YES_ERROR;
				CLANG_WARN_DOCUMENTATION_COMMENTS = YES;
				CLANG_WARN_EMPTY_BODY = YES;
				CLANG_WARN_ENUM_CONVERSION = YES;
				CLANG_WARN_INFINITE_RECURSION = YES;
				CLANG_WARN_INT_CONVERSION = YES;
				CLANG_WARN_NON_LITERAL_NULL_CONVERSION = YES;
				CLANG_WARN_OBJC_IMPLICIT_RETAIN_SELF = YES;
				CLANG_WARN_OBJC_LITERAL_CONVERSION = YES;
				CLANG_WARN_OBJC_ROOT_CLASS = YES_ERROR;
				CLANG_WARN_QUOTED_INCLUDE_IN_FRAMEWORK_HEADER = YES;
				CLANG_WARN_RANGE_LOOP_ANALYSIS = YES;
				CLANG_WARN_STRICT_PROTOTYPES = YES;
				CLANG_WARN_SUSPICIOUS_MOVE = YES;
				CLANG_WARN_UNGUARDED_AVAILABILITY = YES_AGGRESSIVE;
				CLANG_WARN_UNREACHABLE_CODE = YES;
				CLANG_WARN__DUPLICATE_METHOD_MATCH = YES;
				COPY_PHASE_STRIP = NO;
				DEBUG_INFORMATION_FORMAT = "dwarf-with-dsym";
				ENABLE_NS_ASSERTIONS = NO;
				ENABLE_STRICT_OBJC_MSGSEND = YES;
				GCC_C_LANGUAGE_STANDARD = gnu11;
				GCC_NO_COMMON_BLOCKS = YES;
				GCC_WARN_64_TO_32_BIT_CONVERSION = YES;
				GCC_WARN_ABOUT_RETURN_TYPE = YES_ERROR;
				GCC_WARN_UNDECLARED_SELECTOR = YES;
				GCC_WARN_UNINITIALIZED_AUTOS = YES_AGGRESSIVE;
				GCC_WARN_UNUSED_FUNCTION = YES;
				GCC_WARN_UNUSED_VARIABLE = YES;
				IPHONEOS_DEPLOYMENT_TARGET = 14.4;
				MTL_ENABLE_DEBUG_INFO = NO;
				MTL_FAST_MATH = YES;
				SDKROOT = iphoneos;
				SWIFT_COMPILATION_MODE = wholemodule;
				SWIFT_OPTIMIZATION_LEVEL = "-O";
				VALIDATE_PRODUCT = YES;
			};
			name = Release;
		};
		595B3F182A2187D20002A3AC /* Debug */ = {
			isa = XCBuildConfiguration;
			buildSettings = {
				ASSETCATALOG_COMPILER_APPICON_NAME = AppIcon;
				ASSETCATALOG_COMPILER_GLOBAL_ACCENT_COLOR_NAME = AccentColor;
				CODE_SIGN_STYLE = Automatic;
				DEVELOPMENT_ASSET_PATHS = "\"Gobang/Preview Content\"";
				ENABLE_PREVIEWS = YES;
				INFOPLIST_FILE = Gobang/Info.plist;
				IPHONEOS_DEPLOYMENT_TARGET = 14.0;
				LD_RUNPATH_SEARCH_PATHS = (
					"$(inherited)",
					"@executable_path/Frameworks",
				);
				PRODUCT_BUNDLE_IDENTIFIER = com.aaa.Gobang;
				PRODUCT_NAME = "$(TARGET_NAME)";
				SWIFT_VERSION = 5.0;
				TARGETED_DEVICE_FAMILY = "1,2";
			};
			name = Debug;
		};
		595B3F192A2187D20002A3AC /* Release */ = {
			isa = XCBuildConfiguration;
			buildSettings = {
				ASSETCATALOG_COMPILER_APPICON_NAME = AppIcon;
				ASSETCATALOG_COMPILER_GLOBAL_ACCENT_COLOR_NAME = AccentColor;
				CODE_SIGN_STYLE = Automatic;
				DEVELOPMENT_ASSET_PATHS = "\"Gobang/Preview Content\"";
				ENABLE_PREVIEWS = YES;
				INFOPLIST_FILE = Gobang/Info.plist;
				IPHONEOS_DEPLOYMENT_TARGET = 14.0;
				LD_RUNPATH_SEARCH_PATHS = (
					"$(inherited)",
					"@executable_path/Frameworks",
				);
				PRODUCT_BUNDLE_IDENTIFIER = com.aaa.Gobang;
				PRODUCT_NAME = "$(TARGET_NAME)";
				SWIFT_VERSION = 5.0;
				TARGETED_DEVICE_FAMILY = "1,2";
			};
			name = Release;
		};
/* End XCBuildConfiguration section */

/* Begin XCConfigurationList section */
		595B3F032A2187C60002A3AC /* Build configuration list for PBXProject "Gobang" */ = {
			isa = XCConfigurationList;
			buildConfigurations = (
				595B3F152A2187D20002A3AC /* Debug */,
				595B3F162A2187D20002A3AC /* Release */,
			);
			defaultConfigurationIsVisible = 0;
			defaultConfigurationName = Release;
		};
		595B3F172A2187D20002A3AC /* Build configuration list for PBXNativeTarget "Gobang" */ = {
			isa = XCConfigurationList;
			buildConfigurations = (
				595B3F182A2187D20002A3AC /* Debug */,
				595B3F192A2187D20002A3AC /* Release */,
			);
			defaultConfigurationIsVisible = 0;
			defaultConfigurationName = Release;
		};
/* End XCConfigurationList section */

/* Begin XCRemoteSwiftPackageReference section */
		595B3F1E2A218C000002A3AC /* XCRemoteSwiftPackageReference "firebase-ios-sdk" */ = {
			isa = XCRemoteSwiftPackageReference;
			repositoryURL = "https://github.com/firebase/firebase-ios-sdk";
			requirement = {
				kind = upToNextMajorVersion;
				minimumVersion = 9.0.0;
			};
		};
/* End XCRemoteSwiftPackageReference section */

/* Begin XCSwiftPackageProductDependency section */
		595B3F1F2A218C000002A3AC /* FirebaseAnalytics */ = {
			isa = XCSwiftPackageProductDependency;
			package = 595B3F1E2A218C000002A3AC /* XCRemoteSwiftPackageReference "firebase-ios-sdk" */;
			productName = FirebaseAnalytics;
		};
		595B3F212A218C000002A3AC /* FirebaseFirestoreSwift */ = {
			isa = XCSwiftPackageProductDependency;
			package = 595B3F1E2A218C000002A3AC /* XCRemoteSwiftPackageReference "firebase-ios-sdk" */;
			productName = FirebaseFirestoreSwift;
		};
		595B3F232A218C000002A3AC /* FirebaseStorage */ = {
			isa = XCSwiftPackageProductDependency;
			package = 595B3F1E2A218C000002A3AC /* XCRemoteSwiftPackageReference "firebase-ios-sdk" */;
			productName = FirebaseStorage;
		};
		595B3F252A218C000002A3AC /* FirebaseAuth */ = {
			isa = XCSwiftPackageProductDependency;
			package = 595B3F1E2A218C000002A3AC /* XCRemoteSwiftPackageReference "firebase-ios-sdk" */;
			productName = FirebaseAuth;
		};
		595B3F272A218C000002A3AC /* FirebaseFirestore */ = {
			isa = XCSwiftPackageProductDependency;
			package = 595B3F1E2A218C000002A3AC /* XCRemoteSwiftPackageReference "firebase-ios-sdk" */;
			productName = FirebaseFirestore;
		};
		595B3F292A218C000002A3AC /* FirebaseDatabase */ = {
			isa = XCSwiftPackageProductDependency;
			package = 595B3F1E2A218C000002A3AC /* XCRemoteSwiftPackageReference "firebase-ios-sdk" */;
			productName = FirebaseDatabase;
		};
/* End XCSwiftPackageProductDependency section */
	};
	rootObject = 595B3F002A2187C60002A3AC /* Project object */;
}
